
Microsoft Visual Studio Solution File, Format Version 12.00
# Visual Studio Version 16
VisualStudioVersion = 16.0.29926.136
MinimumVisualStudioVersion = 10.0.40219.1
Project("{FAE04EC0-301F-11D3-BF4B-00C04F79EFBC}") = "AtcorderSample", "AtcorderSample\AtcorderSample.csproj", "{5C1FE9CC-127C-444E-9155-AF22282BB4A1}"
EndProject
Global
	GlobalSection(SolutionConfigurationPlatforms) = preSolution
		Debug|Any CPU = Debug|Any CPU
		Release|Any CPU = Release|Any CPU
	EndGlobalSection
	GlobalSection(ProjectConfigurationPlatforms) = postSolution
		{5C1FE9CC-127C-444E-9155-AF22282BB4A1}.Debug|Any CPU.ActiveCfg = Debug|Any CPU
		{5C1FE9CC-127C-444E-9155-AF22282BB4A1}.Debug|Any CPU.Build.0 = Debug|Any CPU
		{5C1FE9CC-127C-444E-9155-AF22282BB4A1}.Release|Any CPU.ActiveCfg = Release|Any CPU
		{5C1FE9CC-127C-444E-9155-AF22282BB4A1}.Release|Any CPU.Build.0 = Release|Any CPU
	EndGlobalSection
	GlobalSection(SolutionProperties) = preSolution
		HideSolutionNode = FALSE
	EndGlobalSection
	GlobalSection(ExtensibilityGlobals) = postSolution
		SolutionGuid = {76DB089B-586B-47CB-8631-3553F4CA7A40}
	EndGlobalSection
EndGlobal
